// !$*UTF8*$!
{
	archiveVersion = 1;
	classes = {
	};
	objectVersion = 46;
	objects = {

/* Begin PBXBuildFile section */
		0484FE961E5DC96600582C95 /* GlobalData.h in Headers */ = {isa = PBXBuildFile; fileRef = 0484FE941E5DC96600582C95 /* GlobalData.h */; };
		0484FE971E5DC96600582C95 /* GlobalData.m in Sources */ = {isa = PBXBuildFile; fileRef = 0484FE951E5DC96600582C95 /* GlobalData.m */; };
		04A76A9B1E5B330C00DA2814 /* QQHook.h in Headers */ = {isa = PBXBuildFile; fileRef = 04A76A9A1E5B330C00DA2814 /* QQHook.h */; };
		04A76A9D1E5B330C00DA2814 /* QQHook.m in Sources */ = {isa = PBXBuildFile; fileRef = 04A76A9C1E5B330C00DA2814 /* QQHook.m */; };
		04A76AA51E5B333800DA2814 /* NSObject+Hook.h in Headers */ = {isa = PBXBuildFile; fileRef = 04A76AA31E5B333800DA2814 /* NSObject+Hook.h */; };
		04A76AA61E5B333800DA2814 /* NSObject+Hook.m in Sources */ = {isa = PBXBuildFile; fileRef = 04A76AA41E5B333800DA2814 /* NSObject+Hook.m */; };
		04A76AA91E5B33CD00DA2814 /* NSArray+funcational.h in Headers */ = {isa = PBXBuildFile; fileRef = 04A76AA71E5B33CD00DA2814 /* NSArray+funcational.h */; };
		04A76AAA1E5B33CD00DA2814 /* NSArray+funcational.m in Sources */ = {isa = PBXBuildFile; fileRef = 04A76AA81E5B33CD00DA2814 /* NSArray+funcational.m */; };
		2BEBEAC4D0DA6A2DDED7017C /* libPods-QQHook.a in Frameworks */ = {isa = PBXBuildFile; fileRef = ABE5F705AB0483697217A876 /* libPods-QQHook.a */; };
/* End PBXBuildFile section */

/* Begin PBXFileReference section */
		0484FE941E5DC96600582C95 /* GlobalData.h */ = {isa = PBXFileReference; fileEncoding = 4; lastKnownFileType = sourcecode.c.h; path = GlobalData.h; sourceTree = "<group>"; };
		0484FE951E5DC96600582C95 /* GlobalData.m */ = {isa = PBXFileReference; fileEncoding = 4; lastKnownFileType = sourcecode.c.objc; path = GlobalData.m; sourceTree = "<group>"; };
		04A76A971E5B330C00DA2814 /* libQQHook.dylib */ = {isa = PBXFileReference; explicitFileType = "compiled.mach-o.dylib"; includeInIndex = 0; path = libQQHook.dylib; sourceTree = BUILT_PRODUCTS_DIR; };
		04A76A9A1E5B330C00DA2814 /* QQHook.h */ = {isa = PBXFileReference; lastKnownFileType = sourcecode.c.h; path = QQHook.h; sourceTree = "<group>"; };
		04A76A9C1E5B330C00DA2814 /* QQHook.m */ = {isa = PBXFileReference; lastKnownFileType = sourcecode.c.objc; path = QQHook.m; sourceTree = "<group>"; };
		04A76AA31E5B333800DA2814 /* NSObject+Hook.h */ = {isa = PBXFileReference; fileEncoding = 4; lastKnownFileType = sourcecode.c.h; path = "NSObject+Hook.h"; sourceTree = "<group>"; };
		04A76AA41E5B333800DA2814 /* NSObject+Hook.m */ = {isa = PBXFileReference; fileEncoding = 4; lastKnownFileType = sourcecode.c.objc; path = "NSObject+Hook.m"; sourceTree = "<group>"; };
		04A76AA71E5B33CD00DA2814 /* NSArray+funcational.h */ = {isa = PBXFileReference; fileEncoding = 4; lastKnownFileType = sourcecode.c.h; path = "NSArray+funcational.h"; sourceTree = "<group>"; };
		04A76AA81E5B33CD00DA2814 /* NSArray+funcational.m */ = {isa = PBXFileReference; fileEncoding = 4; lastKnownFileType = sourcecode.c.objc; path = "NSArray+funcational.m"; sourceTree = "<group>"; };
		1254308DFF06D23A3F3AE5D2 /* Pods-QQHook.debug.xcconfig */ = {isa = PBXFileReference; includeInIndex = 1; lastKnownFileType = text.xcconfig; name = "Pods-QQHook.debug.xcconfig"; path = "Pods/Target Support Files/Pods-QQHook/Pods-QQHook.debug.xcconfig"; sourceTree = "<group>"; };
		65B5263F154D1CE758B114BC /* Pods-QQHook.release.xcconfig */ = {isa = PBXFileReference; includeInIndex = 1; lastKnownFileType = text.xcconfig; name = "Pods-QQHook.release.xcconfig"; path = "Pods/Target Support Files/Pods-QQHook/Pods-QQHook.release.xcconfig"; sourceTree = "<group>"; };
		ABE5F705AB0483697217A876 /* libPods-QQHook.a */ = {isa = PBXFileReference; explicitFileType = archive.ar; includeInIndex = 0; path = "libPods-QQHook.a"; sourceTree = BUILT_PRODUCTS_DIR; };
/* End PBXFileReference section */

/* Begin PBXFrameworksBuildPhase section */
		04A76A941E5B330C00DA2814 /* Frameworks */ = {
			isa = PBXFrameworksBuildPhase;
			buildActionMask = 2147483647;
			files = (
				2BEBEAC4D0DA6A2DDED7017C /* libPods-QQHook.a in Frameworks */,
			);
			runOnlyForDeploymentPostprocessing = 0;
		};
/* End PBXFrameworksBuildPhase section */

/* Begin PBXGroup section */
		04A76A8E1E5B330C00DA2814 = {
			isa = PBXGroup;
			children = (
				04A76A991E5B330C00DA2814 /* QQHook */,
				04A76A981E5B330C00DA2814 /* Products */,
				6DB01598C3299A66E264DD62 /* Pods */,
				AD30F256BA5A064871FBD128 /* Frameworks */,
			);
			sourceTree = "<group>";
		};
		04A76A981E5B330C00DA2814 /* Products */ = {
			isa = PBXGroup;
			children = (
				04A76A971E5B330C00DA2814 /* libQQHook.dylib */,
			);
			name = Products;
			sourceTree = "<group>";
		};
		04A76A991E5B330C00DA2814 /* QQHook */ = {
			isa = PBXGroup;
			children = (
				04A76A9A1E5B330C00DA2814 /* QQHook.h */,
				04A76A9C1E5B330C00DA2814 /* QQHook.m */,
				0484FE941E5DC96600582C95 /* GlobalData.h */,
				0484FE951E5DC96600582C95 /* GlobalData.m */,
				04A76AA31E5B333800DA2814 /* NSObject+Hook.h */,
				04A76AA41E5B333800DA2814 /* NSObject+Hook.m */,
				04A76AA71E5B33CD00DA2814 /* NSArray+funcational.h */,
				04A76AA81E5B33CD00DA2814 /* NSArray+funcational.m */,
			);
			path = QQHook;
			sourceTree = "<group>";
		};
		6DB01598C3299A66E264DD62 /* Pods */ = {
			isa = PBXGroup;
			children = (
				1254308DFF06D23A3F3AE5D2 /* Pods-QQHook.debug.xcconfig */,
				65B5263F154D1CE758B114BC /* Pods-QQHook.release.xcconfig */,
			);
			name = Pods;
			sourceTree = "<group>";
		};
		AD30F256BA5A064871FBD128 /* Frameworks */ = {
			isa = PBXGroup;
			children = (
				ABE5F705AB0483697217A876 /* libPods-QQHook.a */,
			);
			name = Frameworks;
			sourceTree = "<group>";
		};
/* End PBXGroup section */

/* Begin PBXHeadersBuildPhase section */
		04A76A951E5B330C00DA2814 /* Headers */ = {
			isa = PBXHeadersBuildPhase;
			buildActionMask = 2147483647;
			files = (
				04A76A9B1E5B330C00DA2814 /* QQHook.h in Headers */,
				0484FE961E5DC96600582C95 /* GlobalData.h in Headers */,
				04A76AA51E5B333800DA2814 /* NSObject+Hook.h in Headers */,
				04A76AA91E5B33CD00DA2814 /* NSArray+funcational.h in Headers */,
			);
			runOnlyForDeploymentPostprocessing = 0;
		};
/* End PBXHeadersBuildPhase section */

/* Begin PBXNativeTarget section */
		04A76A961E5B330C00DA2814 /* QQHook */ = {
			isa = PBXNativeTarget;
			buildConfigurationList = 04A76AA01E5B330C00DA2814 /* Build configuration list for PBXNativeTarget "QQHook" */;
			buildPhases = (
				90B267C5020467F80E284FFE /* [CP] Check Pods Manifest.lock */,
				04A76A931E5B330C00DA2814 /* Sources */,
				04A76A941E5B330C00DA2814 /* Frameworks */,
				04A76A951E5B330C00DA2814 /* Headers */,
				E75FCE2FC8FFF78DFA28D43C /* [CP] Copy Pods Resources */,
			);
			buildRules = (
			);
			dependencies = (
			);
			name = QQHook;
			productName = QQHook;
			productReference = 04A76A971E5B330C00DA2814 /* libQQHook.dylib */;
			productType = "com.apple.product-type.library.dynamic";
		};
/* End PBXNativeTarget section */

/* Begin PBXProject section */
		04A76A8F1E5B330C00DA2814 /* Project object */ = {
			isa = PBXProject;
			attributes = {
				LastUpgradeCheck = 0820;
				ORGANIZATIONNAME = txx;
				TargetAttributes = {
					04A76A961E5B330C00DA2814 = {
						CreatedOnToolsVersion = 8.2.1;
						ProvisioningStyle = Automatic;
					};
				};
			};
			buildConfigurationList = 04A76A921E5B330C00DA2814 /* Build configuration list for PBXProject "QQHook" */;
			compatibilityVersion = "Xcode 3.2";
			developmentRegion = English;
			hasScannedForEncodings = 0;
			knownRegions = (
				en,
			);
			mainGroup = 04A76A8E1E5B330C00DA2814;
			productRefGroup = 04A76A981E5B330C00DA2814 /* Products */;
			projectDirPath = "";
			projectRoot = "";
			targets = (
				04A76A961E5B330C00DA2814 /* QQHook */,
			);
		};
/* End PBXProject section */

/* Begin PBXShellScriptBuildPhase section */
		90B267C5020467F80E284FFE /* [CP] Check Pods Manifest.lock */ = {
			isa = PBXShellScriptBuildPhase;
			buildActionMask = 2147483647;
			files = (
			);
			inputPaths = (
			);
			name = "[CP] Check Pods Manifest.lock";
			outputPaths = (
			);
			runOnlyForDeploymentPostprocessing = 0;
			shellPath = /bin/sh;
			shellScript = "diff \"${PODS_ROOT}/../Podfile.lock\" \"${PODS_ROOT}/Manifest.lock\" > /dev/null\nif [ $? != 0 ] ; then\n    # print error to STDERR\n    echo \"error: The sandbox is not in sync with the Podfile.lock. Run 'pod install' or update your CocoaPods installation.\" >&2\n    exit 1\nfi\n";
			showEnvVarsInLog = 0;
		};
		E75FCE2FC8FFF78DFA28D43C /* [CP] Copy Pods Resources */ = {
			isa = PBXShellScriptBuildPhase;
			buildActionMask = 2147483647;
			files = (
			);
			inputPaths = (
			);
			name = "[CP] Copy Pods Resources";
			outputPaths = (
			);
			runOnlyForDeploymentPostprocessing = 0;
			shellPath = /bin/sh;
			shellScript = "\"${SRCROOT}/Pods/Target Support Files/Pods-QQHook/Pods-QQHook-resources.sh\"\n";
			showEnvVarsInLog = 0;
		};
/* End PBXShellScriptBuildPhase section */

/* Begin PBXSourcesBuildPhase section */
		04A76A931E5B330C00DA2814 /* Sources */ = {
			isa = PBXSourcesBuildPhase;
			buildActionMask = 2147483647;
			files = (
				04A76AA61E5B333800DA2814 /* NSObject+Hook.m in Sources */,
				04A76A9D1E5B330C00DA2814 /* QQHook.m in Sources */,
				0484FE971E5DC96600582C95 /* GlobalData.m in Sources */,
				04A76AAA1E5B33CD00DA2814 /* NSArray+funcational.m in Sources */,
			);
			runOnlyForDeploymentPostprocessing = 0;
		};
/* End PBXSourcesBuildPhase section */

/* Begin XCBuildConfiguration section */
		04A76A9E1E5B330C00DA2814 /* Debug */ = {
			isa = XCBuildConfiguration;
			buildSettings = {
				ALWAYS_SEARCH_USER_PATHS = NO;
				CLANG_ANALYZER_NONNULL = YES;
				CLANG_CXX_LANGUAGE_STANDARD = "gnu++0x";
				CLANG_CXX_LIBRARY = "libc++";
				CLANG_ENABLE_MODULES = YES;
				CLANG_ENABLE_OBJC_ARC = YES;
				CLANG_WARN_BOOL_CONVERSION = YES;
				CLANG_WARN_CONSTANT_CONVERSION = YES;
				CLANG_WARN_DIRECT_OBJC_ISA_USAGE = YES_ERROR;
				CLANG_WARN_DOCUMENTATION_COMMENTS = YES;
				CLANG_WARN_EMPTY_BODY = YES;
				CLANG_WARN_ENUM_CONVERSION = YES;
				CLANG_WARN_INFINITE_RECURSION = YES;
				CLANG_WARN_INT_CONVERSION = YES;
				CLANG_WARN_OBJC_ROOT_CLASS = YES_ERROR;
				CLANG_WARN_SUSPICIOUS_MOVE = YES;
				CLANG_WARN_UNREACHABLE_CODE = YES;
				CLANG_WARN__DUPLICATE_METHOD_MATCH = YES;
				CODE_SIGN_IDENTITY = "-";
				COPY_PHASE_STRIP = NO;
				DEBUG_INFORMATION_FORMAT = dwarf;
				ENABLE_STRICT_OBJC_MSGSEND = YES;
				ENABLE_TESTABILITY = YES;
				GCC_C_LANGUAGE_STANDARD = gnu99;
				GCC_DYNAMIC_NO_PIC = NO;
				GCC_NO_COMMON_BLOCKS = YES;
				GCC_OPTIMIZATION_LEVEL = 0;
				GCC_PREPROCESSOR_DEFINITIONS = (
					"DEBUG=1",
					"$(inherited)",
				);
				GCC_WARN_64_TO_32_BIT_CONVERSION = YES;
				GCC_WARN_ABOUT_RETURN_TYPE = YES_ERROR;
				GCC_WARN_UNDECLARED_SELECTOR = YES;
				GCC_WARN_UNINITIALIZED_AUTOS = YES_AGGRESSIVE;
				GCC_WARN_UNUSED_FUNCTION = YES;
				GCC_WARN_UNUSED_VARIABLE = YES;
				MACOSX_DEPLOYMENT_TARGET = 10.12;
				MTL_ENABLE_DEBUG_INFO = YES;
				ONLY_ACTIVE_ARCH = YES;
				SDKROOT = macosx;
			};
			name = Debug;
		};
		04A76A9F1E5B330C00DA2814 /* Release */ = {
			isa = XCBuildConfiguration;
			buildSettings = {
				ALWAYS_SEARCH_USER_PATHS = NO;
				CLANG_ANALYZER_NONNULL = YES;
				CLANG_CXX_LANGUAGE_STANDARD = "gnu++0x";
				CLANG_CXX_LIBRARY = "libc++";
				CLANG_ENABLE_MODULES = YES;
				CLANG_ENABLE_OBJC_ARC = YES;
				CLANG_WARN_BOOL_CONVERSION = YES;
				CLANG_WARN_CONSTANT_CONVERSION = YES;
				CLANG_WARN_DIRECT_OBJC_ISA_USAGE = YES_ERROR;
				CLANG_WARN_DOCUMENTATION_COMMENTS = YES;
				CLANG_WARN_EMPTY_BODY = YES;
				CLANG_WARN_ENUM_CONVERSION = YES;
				CLANG_WARN_INFINITE_RECURSION = YES;
				CLANG_WARN_INT_CONVERSION = YES;
				CLANG_WARN_OBJC_ROOT_CLASS = YES_ERROR;
				CLANG_WARN_SUSPICIOUS_MOVE = YES;
				CLANG_WARN_UNREACHABLE_CODE = YES;
				CLANG_WARN__DUPLICATE_METHOD_MATCH = YES;
				CODE_SIGN_IDENTITY = "-";
				COPY_PHASE_STRIP = NO;
				DEBUG_INFORMATION_FORMAT = "dwarf-with-dsym";
				ENABLE_NS_ASSERTIONS = NO;
				ENABLE_STRICT_OBJC_MSGSEND = YES;
				GCC_C_LANGUAGE_STANDARD = gnu99;
				GCC_NO_COMMON_BLOCKS = YES;
				GCC_WARN_64_TO_32_BIT_CONVERSION = YES;
				GCC_WARN_ABOUT_RETURN_TYPE = YES_ERROR;
				GCC_WARN_UNDECLARED_SELECTOR = YES;
				GCC_WARN_UNINITIALIZED_AUTOS = YES_AGGRESSIVE;
				GCC_WARN_UNUSED_FUNCTION = YES;
				GCC_WARN_UNUSED_VARIABLE = YES;
				MACOSX_DEPLOYMENT_TARGET = 10.12;
				MTL_ENABLE_DEBUG_INFO = NO;
				SDKROOT = macosx;
			};
			name = Release;
		};
		04A76AA11E5B330C00DA2814 /* Debug */ = {
			isa = XCBuildConfiguration;
			baseConfigurationReference = 1254308DFF06D23A3F3AE5D2 /* Pods-QQHook.debug.xcconfig */;
			buildSettings = {
				DYLIB_COMPATIBILITY_VERSION = 1;
				DYLIB_CURRENT_VERSION = 1;
				EXECUTABLE_PREFIX = lib;
				PRODUCT_NAME = "$(TARGET_NAME)";
			};
			name = Debug;
		};
		04A76AA21E5B330C00DA2814 /* Release */ = {
			isa = XCBuildConfiguration;
			baseConfigurationReference = 65B5263F154D1CE758B114BC /* Pods-QQHook.release.xcconfig */;
			buildSettings = {
				DYLIB_COMPATIBILITY_VERSION = 1;
				DYLIB_CURRENT_VERSION = 1;
				EXECUTABLE_PREFIX = lib;
				PRODUCT_NAME = "$(TARGET_NAME)";
			};
			name = Release;
		};
/* End XCBuildConfiguration section */

/* Begin XCConfigurationList section */
		04A76A921E5B330C00DA2814 /* Build configuration list for PBXProject "QQHook" */ = {
			isa = XCConfigurationList;
			buildConfigurations = (
				04A76A9E1E5B330C00DA2814 /* Debug */,
				04A76A9F1E5B330C00DA2814 /* Release */,
			);
			defaultConfigurationIsVisible = 0;
			defaultConfigurationName = Release;
		};
		04A76AA01E5B330C00DA2814 /* Build configuration list for PBXNativeTarget "QQHook" */ = {
			isa = XCConfigurationList;
			buildConfigurations = (
				04A76AA11E5B330C00DA2814 /* Debug */,
				04A76AA21E5B330C00DA2814 /* Release */,
			);
			defaultConfigurationIsVisible = 0;
			defaultConfigurationName = Release;
		};
/* End XCConfigurationList section */
	};
	rootObject = 04A76A8F1E5B330C00DA2814 /* Project object */;
}
